# This file is automatically @generated by Cargo.
# It is not intended for manual editing.
[[package]]
name = "kbinxml-rs"
version = "0.1.0"
dependencies = [
 "stringreader",
 "xml-rs",
]

[[package]]
name = "stringreader"
version = "0.1.1"
source = "registry+https://github.com/rust-lang/crates.io-index"
checksum = "913e7b03d63752f6cdd2df77da36749d82669904798fe8944b9ec3d23f159905"

[[package]]
name = "xml-rs"
version = "0.8.3"
source = "registry+https://github.com/rust-lang/crates.io-index"
checksum = "b07db065a5cf61a7e4ba64f29e67db906fb1787316516c4e6e5ff0fea1efcd8a"
